
Microsoft Visual Studio Solution File, Format Version 12.00
# Visual Studio 15
VisualStudioVersion = 15.0.27130.2027
MinimumVisualStudioVersion = 10.0.40219.1
Project("{FAE04EC0-301F-11D3-BF4B-00C04F79EFBC}") = "WindowsApplication", "WindowsApplication\WindowsApplication.csproj", "{72AABA33-C69A-432B-85E5-377735E03162}"
EndProject
Global
	GlobalSection(SolutionConfigurationPlatforms) = preSolution
		Debug|Any CPU = Debug|Any CPU
		Release|Any CPU = Release|Any CPU
	EndGlobalSection
	GlobalSection(ProjectConfigurationPlatforms) = postSolution
		{72AABA33-C69A-432B-85E5-377735E03162}.Debug|Any CPU.ActiveCfg = Debug|Any CPU
		{72AABA33-C69A-432B-85E5-377735E03162}.Debug|Any CPU.Build.0 = Debug|Any CPU
		{72AABA33-C69A-432B-85E5-377735E03162}.Release|Any CPU.ActiveCfg = Release|Any CPU
		{72AABA33-C69A-432B-85E5-377735E03162}.Release|Any CPU.Build.0 = Release|Any CPU
	EndGlobalSection
	GlobalSection(SolutionProperties) = preSolution
		HideSolutionNode = FALSE
	EndGlobalSection
	GlobalSection(ExtensibilityGlobals) = postSolution
		SolutionGuid = {62145190-606C-4A31-9D24-C6BB185CF8E2}
	EndGlobalSection
EndGlobal
